
Microsoft Visual Studio Solution File, Format Version 12.00
# Visual Studio 14
VisualStudioVersion = 14.0.24720.0
MinimumVisualStudioVersion = 10.0.40219.1
Project("{FAE04EC0-301F-11D3-BF4B-00C04F79EFBC}") = "Tamagochi", "Tamagochi\Tamagochi.csproj", "{2DE60DD2-55ED-41FD-BC36-092183A10E77}"
EndProject
Project("{2150E333-8FDC-42A3-9474-1A3956D46DE8}") = "Solution Items", "Solution Items", "{47D2CCFB-E297-413F-8D43-5451184169D7}"
EndProject
Project("{FAE04EC0-301F-11D3-BF4B-00C04F79EFBC}") = "TamagochiLogic", "TamagochiLogic\TamagochiLogic.csproj", "{675B4927-D0D0-463C-8B23-B47301A9DCB5}"
EndProject
Global
	GlobalSection(SolutionConfigurationPlatforms) = preSolution
		Debug|Any CPU = Debug|Any CPU
		Release|Any CPU = Release|Any CPU
	EndGlobalSection
	GlobalSection(ProjectConfigurationPlatforms) = postSolution
		{2DE60DD2-55ED-41FD-BC36-092183A10E77}.Debug|Any CPU.ActiveCfg = Debug|Any CPU
		{2DE60DD2-55ED-41FD-BC36-092183A10E77}.Debug|Any CPU.Build.0 = Debug|Any CPU
		{2DE60DD2-55ED-41FD-BC36-092183A10E77}.Release|Any CPU.ActiveCfg = Release|Any CPU
		{2DE60DD2-55ED-41FD-BC36-092183A10E77}.Release|Any CPU.Build.0 = Release|Any CPU
		{675B4927-D0D0-463C-8B23-B47301A9DCB5}.Debug|Any CPU.ActiveCfg = Debug|Any CPU
		{675B4927-D0D0-463C-8B23-B47301A9DCB5}.Debug|Any CPU.Build.0 = Debug|Any CPU
		{675B4927-D0D0-463C-8B23-B47301A9DCB5}.Release|Any CPU.ActiveCfg = Release|Any CPU
		{675B4927-D0D0-463C-8B23-B47301A9DCB5}.Release|Any CPU.Build.0 = Release|Any CPU
	EndGlobalSection
	GlobalSection(SolutionProperties) = preSolution
		HideSolutionNode = FALSE
	EndGlobalSection
EndGlobal
